
Microsoft Visual Studio Solution File, Format Version 12.00
# Visual Studio Version 17
VisualStudioVersion = 17.0.31903.59
MinimumVisualStudioVersion = 10.0.40219.1
Project("{FAE04EC0-301F-11D3-BF4B-00C04F79EFBC}") = "PrimeService", "PrimeService\PrimeService.csproj", "{1C418163-D0F5-4771-B109-649C08D82DDB}"
EndProject
Project("{FAE04EC0-301F-11D3-BF4B-00C04F79EFBC}") = "PrimeService.Tests", "PrimeService.Tests\PrimeService.Tests.csproj", "{D1304719-B8F9-44B3-B3DC-B5A4BEA2102E}"
EndProject
Global
	GlobalSection(SolutionConfigurationPlatforms) = preSolution
		Debug|Any CPU = Debug|Any CPU
		Release|Any CPU = Release|Any CPU
	EndGlobalSection
	GlobalSection(SolutionProperties) = preSolution
		HideSolutionNode = FALSE
	EndGlobalSection
	GlobalSection(ProjectConfigurationPlatforms) = postSolution
		{1C418163-D0F5-4771-B109-649C08D82DDB}.Debug|Any CPU.ActiveCfg = Debug|Any CPU
		{1C418163-D0F5-4771-B109-649C08D82DDB}.Debug|Any CPU.Build.0 = Debug|Any CPU
		{1C418163-D0F5-4771-B109-649C08D82DDB}.Release|Any CPU.ActiveCfg = Release|Any CPU
		{1C418163-D0F5-4771-B109-649C08D82DDB}.Release|Any CPU.Build.0 = Release|Any CPU
		{D1304719-B8F9-44B3-B3DC-B5A4BEA2102E}.Debug|Any CPU.ActiveCfg = Debug|Any CPU
		{D1304719-B8F9-44B3-B3DC-B5A4BEA2102E}.Debug|Any CPU.Build.0 = Debug|Any CPU
		{D1304719-B8F9-44B3-B3DC-B5A4BEA2102E}.Release|Any CPU.ActiveCfg = Release|Any CPU
		{D1304719-B8F9-44B3-B3DC-B5A4BEA2102E}.Release|Any CPU.Build.0 = Release|Any CPU
	EndGlobalSection
EndGlobal
